
Microsoft Visual Studio Solution File, Format Version 12.00
# Visual Studio Version 17
VisualStudioVersion = 17.11.35312.102
MinimumVisualStudioVersion = 10.0.40219.1
Project("{FAE04EC0-301F-11D3-BF4B-00C04F79EFBC}") = "MauiAppJogodaVelha", "MauiAppJogodaVelha\MauiAppJogodaVelha.csproj", "{DB1BE0BD-EC42-4B24-841A-B6F4A62096BA}"
EndProject
Global
	GlobalSection(SolutionConfigurationPlatforms) = preSolution
		Debug|Any CPU = Debug|Any CPU
		Release|Any CPU = Release|Any CPU
	EndGlobalSection
	GlobalSection(ProjectConfigurationPlatforms) = postSolution
		{DB1BE0BD-EC42-4B24-841A-B6F4A62096BA}.Debug|Any CPU.ActiveCfg = Debug|Any CPU
		{DB1BE0BD-EC42-4B24-841A-B6F4A62096BA}.Debug|Any CPU.Build.0 = Debug|Any CPU
		{DB1BE0BD-EC42-4B24-841A-B6F4A62096BA}.Debug|Any CPU.Deploy.0 = Debug|Any CPU
		{DB1BE0BD-EC42-4B24-841A-B6F4A62096BA}.Release|Any CPU.ActiveCfg = Release|Any CPU
		{DB1BE0BD-EC42-4B24-841A-B6F4A62096BA}.Release|Any CPU.Build.0 = Release|Any CPU
		{DB1BE0BD-EC42-4B24-841A-B6F4A62096BA}.Release|Any CPU.Deploy.0 = Release|Any CPU
	EndGlobalSection
	GlobalSection(SolutionProperties) = preSolution
		HideSolutionNode = FALSE
	EndGlobalSection
	GlobalSection(ExtensibilityGlobals) = postSolution
		SolutionGuid = {EACF578F-95A3-42D4-A67F-0861B71E639D}
	EndGlobalSection
EndGlobal
